
Microsoft Visual Studio Solution File, Format Version 12.00
# Visual Studio 15
VisualStudioVersion = 15.0.28307.539
MinimumVisualStudioVersion = 10.0.40219.1
Project("{FAE04EC0-301F-11D3-BF4B-00C04F79EFBC}") = "FleetSim.Objects", "FleetSim.Objects\FleetSim.Objects.csproj", "{FEA26836-7F95-405B-B116-66A36989F889}"
EndProject
Project("{FAE04EC0-301F-11D3-BF4B-00C04F79EFBC}") = "FleetSim.Console", "FleetSim.Console\FleetSim.Console.csproj", "{C040A2D9-EE35-4686-BA17-516B2317AF63}"
EndProject
Global
	GlobalSection(SolutionConfigurationPlatforms) = preSolution
		Debug|Any CPU = Debug|Any CPU
		Release|Any CPU = Release|Any CPU
	EndGlobalSection
	GlobalSection(ProjectConfigurationPlatforms) = postSolution
		{FEA26836-7F95-405B-B116-66A36989F889}.Debug|Any CPU.ActiveCfg = Debug|Any CPU
		{FEA26836-7F95-405B-B116-66A36989F889}.Debug|Any CPU.Build.0 = Debug|Any CPU
		{FEA26836-7F95-405B-B116-66A36989F889}.Release|Any CPU.ActiveCfg = Release|Any CPU
		{FEA26836-7F95-405B-B116-66A36989F889}.Release|Any CPU.Build.0 = Release|Any CPU
		{C040A2D9-EE35-4686-BA17-516B2317AF63}.Debug|Any CPU.ActiveCfg = Debug|Any CPU
		{C040A2D9-EE35-4686-BA17-516B2317AF63}.Debug|Any CPU.Build.0 = Debug|Any CPU
		{C040A2D9-EE35-4686-BA17-516B2317AF63}.Release|Any CPU.ActiveCfg = Release|Any CPU
		{C040A2D9-EE35-4686-BA17-516B2317AF63}.Release|Any CPU.Build.0 = Release|Any CPU
	EndGlobalSection
	GlobalSection(SolutionProperties) = preSolution
		HideSolutionNode = FALSE
	EndGlobalSection
	GlobalSection(ExtensibilityGlobals) = postSolution
		SolutionGuid = {AF8C1581-9319-4AE7-BF2D-477105B881E3}
	EndGlobalSection
EndGlobal
